{
  "name": "房屋租赁系统",
  "lockfileVersion": 3,
  "requires": true,
  "packages": {
    "": {
      "dependencies": {
        "element-china-area-data": "^6.1.0"
      }
    },
    "node_modules/china-division": {
      "version": "2.7.0",
      "resolved": "https://registry.npmmirror.com/china-division/-/china-division-2.7.0.tgz",
      "integrity": "sha512-4uUPAT+1WfqDh5jytq7omdCmHNk3j+k76zEG/2IqaGcYB90c2SwcixttcypdsZ3T/9tN1TTpBDoeZn+Yw/qBEA==",
      "license": "MIT"
    },
    "node_modules/element-china-area-data": {
      "version": "6.1.0",
      "resolved": "https://registry.npmmirror.com/element-china-area-data/-/element-china-area-data-6.1.0.tgz",
      "integrity": "sha512-IkpcjwQv2A/2AxFiSoaISZ+oMw1rZCPUSOg5sOCwT5jKc96TaawmKZeY81xfxXsO0QbKxU5LLc6AirhG52hUmg==",
      "license": "MIT",
      "dependencies": {
        "china-division": "^2.7.0"
      }
    }
  }
}
